
Microsoft Visual Studio Solution File, Format Version 12.00
# Visual Studio Version 17
VisualStudioVersion = 17.5.33530.505
MinimumVisualStudioVersion = 10.0.40219.1
Project("{9A19103F-16F7-4668-BE54-9A1E7A4F7556}") = "Elcia.C3PO.API", "Elcia.C3PO.API.csproj", "{CE35E24F-8193-40B7-B478-A4025CAC0012}"
EndProject
Project("{9A19103F-16F7-4668-BE54-9A1E7A4F7556}") = "Elcia.C3PO.Domain", "..\Elcia.C3PO.Domain\Elcia.C3PO.Domain.csproj", "{1B55F0EF-97AE-4C3C-A4EC-46D08AC73DBD}"
EndProject
Project("{9A19103F-16F7-4668-BE54-9A1E7A4F7556}") = "Elcia.C3PO.EFCore", "..\Elcia.C3PO.EFCore\Elcia.C3PO.EFCore.csproj", "{4FED65B1-313C-4AE5-B7E7-3A02E37D82C5}"
EndProject
Project("{9A19103F-16F7-4668-BE54-9A1E7A4F7556}") = "Elcia.C3PO.Platform", "..\Elcia.C3PO.PLatform\Elcia.C3PO.Platform.csproj", "{CC76E710-62E3-4D75-97FC-56DEF60CA461}"
EndProject
Project("{9A19103F-16F7-4668-BE54-9A1E7A4F7556}") = "Elcia.C3PO.Provider", "..\Elcia.C3PO.Provider\Elcia.C3PO.Provider.csproj", "{281F96AE-AB38-4C4E-B31E-23C3041CCC19}"
EndProject
Project("{2150E333-8FDC-42A3-9474-1A3956D46DE8}") = "Test", "Test", "{BAF84810-9F3F-40D5-8FA4-8FFB79FAA02D}"
EndProject
Project("{2150E333-8FDC-42A3-9474-1A3956D46DE8}") = "Solution Items", "Solution Items", "{C0389350-0951-470D-9601-E86725C5FF9B}"
	ProjectSection(SolutionItems) = preProject
		.editorconfig = .editorconfig
		..\.gitignore = ..\.gitignore
		C3PO_ClientApiGeneration.yml = C3PO_ClientApiGeneration.yml
		nuget.config = nuget.config
	EndProjectSection
EndProject
Global
	GlobalSection(SolutionConfigurationPlatforms) = preSolution
		Debug|Any CPU = Debug|Any CPU
		Release|Any CPU = Release|Any CPU
	EndGlobalSection
	GlobalSection(ProjectConfigurationPlatforms) = postSolution
		{CE35E24F-8193-40B7-B478-A4025CAC0012}.Debug|Any CPU.ActiveCfg = Debug|Any CPU
		{CE35E24F-8193-40B7-B478-A4025CAC0012}.Debug|Any CPU.Build.0 = Debug|Any CPU
		{CE35E24F-8193-40B7-B478-A4025CAC0012}.Release|Any CPU.ActiveCfg = Release|Any CPU
		{CE35E24F-8193-40B7-B478-A4025CAC0012}.Release|Any CPU.Build.0 = Release|Any CPU
		{1B55F0EF-97AE-4C3C-A4EC-46D08AC73DBD}.Debug|Any CPU.ActiveCfg = Debug|Any CPU
		{1B55F0EF-97AE-4C3C-A4EC-46D08AC73DBD}.Debug|Any CPU.Build.0 = Debug|Any CPU
		{1B55F0EF-97AE-4C3C-A4EC-46D08AC73DBD}.Release|Any CPU.ActiveCfg = Release|Any CPU
		{1B55F0EF-97AE-4C3C-A4EC-46D08AC73DBD}.Release|Any CPU.Build.0 = Release|Any CPU
		{4FED65B1-313C-4AE5-B7E7-3A02E37D82C5}.Debug|Any CPU.ActiveCfg = Debug|Any CPU
		{4FED65B1-313C-4AE5-B7E7-3A02E37D82C5}.Debug|Any CPU.Build.0 = Debug|Any CPU
		{4FED65B1-313C-4AE5-B7E7-3A02E37D82C5}.Release|Any CPU.ActiveCfg = Release|Any CPU
		{4FED65B1-313C-4AE5-B7E7-3A02E37D82C5}.Release|Any CPU.Build.0 = Release|Any CPU
		{CC76E710-62E3-4D75-97FC-56DEF60CA461}.Debug|Any CPU.ActiveCfg = Debug|Any CPU
		{CC76E710-62E3-4D75-97FC-56DEF60CA461}.Debug|Any CPU.Build.0 = Debug|Any CPU
		{CC76E710-62E3-4D75-97FC-56DEF60CA461}.Release|Any CPU.ActiveCfg = Release|Any CPU
		{CC76E710-62E3-4D75-97FC-56DEF60CA461}.Release|Any CPU.Build.0 = Release|Any CPU
		{281F96AE-AB38-4C4E-B31E-23C3041CCC19}.Debug|Any CPU.ActiveCfg = Debug|Any CPU
		{281F96AE-AB38-4C4E-B31E-23C3041CCC19}.Debug|Any CPU.Build.0 = Debug|Any CPU
		{281F96AE-AB38-4C4E-B31E-23C3041CCC19}.Release|Any CPU.ActiveCfg = Release|Any CPU
		{281F96AE-AB38-4C4E-B31E-23C3041CCC19}.Release|Any CPU.Build.0 = Release|Any CPU
	EndGlobalSection
	GlobalSection(SolutionProperties) = preSolution
		HideSolutionNode = FALSE
	EndGlobalSection
	GlobalSection(ExtensibilityGlobals) = postSolution
		SolutionGuid = {146DFCB8-D783-48E8-A5AC-FFAFD86A4098}
	EndGlobalSection
EndGlobal
